
Microsoft Visual Studio Solution File, Format Version 12.00
# Visual Studio Version 16
VisualStudioVersion = 16.0.31129.286
MinimumVisualStudioVersion = 10.0.40219.1
Project("{FAE04EC0-301F-11D3-BF4B-00C04F79EFBC}") = "Lyzo", "Lyzo\Lyzo.csproj", "{7EA9AA9D-DCB3-4791-BD44-DA9DF3DF29FC}"
EndProject
Project("{2150E333-8FDC-42A3-9474-1A3956D46DE8}") = "Common", "Common", "{96CFF769-BD99-4568-99B8-4484A78E2980}"
EndProject
Project("{FAE04EC0-301F-11D3-BF4B-00C04F79EFBC}") = "Lyzo.Common.Core", "Common\Lyzo.Common.Core\Lyzo.Common.Core.csproj", "{FF3DCB36-0C88-4887-8BC3-77D1967E16E7}"
EndProject
Project("{FAE04EC0-301F-11D3-BF4B-00C04F79EFBC}") = "Lyzo.Common.Eventing", "Common\Lyzo.Common.Eventing\Lyzo.Common.Eventing.csproj", "{40655A4C-F8FF-4CBB-A994-1DFF18363C60}"
EndProject
Project("{FAE04EC0-301F-11D3-BF4B-00C04F79EFBC}") = "Lyzo.Common.SignalR", "Common\Lyzo.Common.SignalR\Lyzo.Common.SignalR.csproj", "{DBB7D0FB-7291-4A33-A1FC-D49A9CFB6522}"
EndProject
Project("{FAE04EC0-301F-11D3-BF4B-00C04F79EFBC}") = "Lyzo.Common.DI", "Common\Lyzo.Common.DI\Lyzo.Common.DI.csproj", "{E228DDCC-16EB-4335-8841-EABCECF2CCB7}"
EndProject
Project("{2150E333-8FDC-42A3-9474-1A3956D46DE8}") = "Module", "Module", "{891BE18B-C59C-465A-ADE9-4C78DB7FAEAB}"
EndProject
Project("{FAE04EC0-301F-11D3-BF4B-00C04F79EFBC}") = "Lyzo.Module.Notifications", "Module\Lyzo.Module.Notifications\Lyzo.Module.Notifications.csproj", "{C1CDD116-7D21-4D9E-AC0F-90EFAE634A29}"
EndProject
Project("{FAE04EC0-301F-11D3-BF4B-00C04F79EFBC}") = "Lyzo.Common.Logging", "Common\Lyzo.Common.Logging\Lyzo.Common.Logging.csproj", "{58FDDD76-954F-435B-A516-6327BD0ADB81}"
EndProject
Global
	GlobalSection(SolutionConfigurationPlatforms) = preSolution
		Debug|Any CPU = Debug|Any CPU
		Release|Any CPU = Release|Any CPU
	EndGlobalSection
	GlobalSection(ProjectConfigurationPlatforms) = postSolution
		{7EA9AA9D-DCB3-4791-BD44-DA9DF3DF29FC}.Debug|Any CPU.ActiveCfg = Debug|Any CPU
		{7EA9AA9D-DCB3-4791-BD44-DA9DF3DF29FC}.Debug|Any CPU.Build.0 = Debug|Any CPU
		{7EA9AA9D-DCB3-4791-BD44-DA9DF3DF29FC}.Release|Any CPU.ActiveCfg = Release|Any CPU
		{7EA9AA9D-DCB3-4791-BD44-DA9DF3DF29FC}.Release|Any CPU.Build.0 = Release|Any CPU
		{FF3DCB36-0C88-4887-8BC3-77D1967E16E7}.Debug|Any CPU.ActiveCfg = Debug|Any CPU
		{FF3DCB36-0C88-4887-8BC3-77D1967E16E7}.Debug|Any CPU.Build.0 = Debug|Any CPU
		{FF3DCB36-0C88-4887-8BC3-77D1967E16E7}.Release|Any CPU.ActiveCfg = Release|Any CPU
		{FF3DCB36-0C88-4887-8BC3-77D1967E16E7}.Release|Any CPU.Build.0 = Release|Any CPU
		{40655A4C-F8FF-4CBB-A994-1DFF18363C60}.Debug|Any CPU.ActiveCfg = Debug|Any CPU
		{40655A4C-F8FF-4CBB-A994-1DFF18363C60}.Debug|Any CPU.Build.0 = Debug|Any CPU
		{40655A4C-F8FF-4CBB-A994-1DFF18363C60}.Release|Any CPU.ActiveCfg = Release|Any CPU
		{40655A4C-F8FF-4CBB-A994-1DFF18363C60}.Release|Any CPU.Build.0 = Release|Any CPU
		{DBB7D0FB-7291-4A33-A1FC-D49A9CFB6522}.Debug|Any CPU.ActiveCfg = Debug|Any CPU
		{DBB7D0FB-7291-4A33-A1FC-D49A9CFB6522}.Debug|Any CPU.Build.0 = Debug|Any CPU
		{DBB7D0FB-7291-4A33-A1FC-D49A9CFB6522}.Release|Any CPU.ActiveCfg = Release|Any CPU
		{DBB7D0FB-7291-4A33-A1FC-D49A9CFB6522}.Release|Any CPU.Build.0 = Release|Any CPU
		{E228DDCC-16EB-4335-8841-EABCECF2CCB7}.Debug|Any CPU.ActiveCfg = Debug|Any CPU
		{E228DDCC-16EB-4335-8841-EABCECF2CCB7}.Debug|Any CPU.Build.0 = Debug|Any CPU
		{E228DDCC-16EB-4335-8841-EABCECF2CCB7}.Release|Any CPU.ActiveCfg = Release|Any CPU
		{E228DDCC-16EB-4335-8841-EABCECF2CCB7}.Release|Any CPU.Build.0 = Release|Any CPU
		{C1CDD116-7D21-4D9E-AC0F-90EFAE634A29}.Debug|Any CPU.ActiveCfg = Debug|Any CPU
		{C1CDD116-7D21-4D9E-AC0F-90EFAE634A29}.Debug|Any CPU.Build.0 = Debug|Any CPU
		{C1CDD116-7D21-4D9E-AC0F-90EFAE634A29}.Release|Any CPU.ActiveCfg = Release|Any CPU
		{C1CDD116-7D21-4D9E-AC0F-90EFAE634A29}.Release|Any CPU.Build.0 = Release|Any CPU
		{58FDDD76-954F-435B-A516-6327BD0ADB81}.Debug|Any CPU.ActiveCfg = Debug|Any CPU
		{58FDDD76-954F-435B-A516-6327BD0ADB81}.Debug|Any CPU.Build.0 = Debug|Any CPU
		{58FDDD76-954F-435B-A516-6327BD0ADB81}.Release|Any CPU.ActiveCfg = Release|Any CPU
		{58FDDD76-954F-435B-A516-6327BD0ADB81}.Release|Any CPU.Build.0 = Release|Any CPU
	EndGlobalSection
	GlobalSection(SolutionProperties) = preSolution
		HideSolutionNode = FALSE
	EndGlobalSection
	GlobalSection(NestedProjects) = preSolution
		{FF3DCB36-0C88-4887-8BC3-77D1967E16E7} = {96CFF769-BD99-4568-99B8-4484A78E2980}
		{40655A4C-F8FF-4CBB-A994-1DFF18363C60} = {96CFF769-BD99-4568-99B8-4484A78E2980}
		{DBB7D0FB-7291-4A33-A1FC-D49A9CFB6522} = {96CFF769-BD99-4568-99B8-4484A78E2980}
		{E228DDCC-16EB-4335-8841-EABCECF2CCB7} = {96CFF769-BD99-4568-99B8-4484A78E2980}
		{C1CDD116-7D21-4D9E-AC0F-90EFAE634A29} = {891BE18B-C59C-465A-ADE9-4C78DB7FAEAB}
		{58FDDD76-954F-435B-A516-6327BD0ADB81} = {96CFF769-BD99-4568-99B8-4484A78E2980}
	EndGlobalSection
	GlobalSection(ExtensibilityGlobals) = postSolution
		SolutionGuid = {3B2621B2-4A4C-4C06-84EB-5C46D7429FCB}
	EndGlobalSection
EndGlobal
